
Microsoft Visual Studio Solution File, Format Version 12.00
# Visual Studio Version 17
VisualStudioVersion = 17.13.35825.156 d17.13
MinimumVisualStudioVersion = 10.0.40219.1
Project("{FAE04EC0-301F-11D3-BF4B-00C04F79EFBC}") = "AlgorithmProgramming", "AlgorithmProgramming\AlgorithmProgramming.csproj", "{C7EFD765-4DE1-44B5-9327-BD96FE4B1748}"
EndProject
Global
	GlobalSection(SolutionConfigurationPlatforms) = preSolution
		Debug|Any CPU = Debug|Any CPU
		Release|Any CPU = Release|Any CPU
	EndGlobalSection
	GlobalSection(ProjectConfigurationPlatforms) = postSolution
		{C7EFD765-4DE1-44B5-9327-BD96FE4B1748}.Debug|Any CPU.ActiveCfg = Debug|Any CPU
		{C7EFD765-4DE1-44B5-9327-BD96FE4B1748}.Debug|Any CPU.Build.0 = Debug|Any CPU
		{C7EFD765-4DE1-44B5-9327-BD96FE4B1748}.Debug|Any CPU.Deploy.0 = Debug|Any CPU
		{C7EFD765-4DE1-44B5-9327-BD96FE4B1748}.Release|Any CPU.ActiveCfg = Release|Any CPU
		{C7EFD765-4DE1-44B5-9327-BD96FE4B1748}.Release|Any CPU.Build.0 = Release|Any CPU
		{C7EFD765-4DE1-44B5-9327-BD96FE4B1748}.Release|Any CPU.Deploy.0 = Release|Any CPU
	EndGlobalSection
	GlobalSection(SolutionProperties) = preSolution
		HideSolutionNode = FALSE
	EndGlobalSection
	GlobalSection(ExtensibilityGlobals) = postSolution
		SolutionGuid = {05DB09BC-BDA1-4A31-8A1E-1A1F7FF45C66}
	EndGlobalSection
EndGlobal
